# @generated - this file is auto-generated by `mise lock` https://mise.en.dev/dev-tools/mise-lock.html

[[tools.lefthook]]
version = "2.1.4"
backend = "aqua:evilmartians/lefthook"

[tools.lefthook."platforms.linux-x64"]
checksum = "sha256:991a11fb98c853dbecf7de3fe7f4b5648872f4279ac2b50ef3302f0a058c99bd"
url = "https://github.com/evilmartians/lefthook/releases/download/v2.1.4/lefthook_2.1.4_Linux_x86_64.gz"
provenance = "github-attestations"

[tools.lefthook."platforms.macos-arm64"]
checksum = "sha256:41fa330710344f66683edb2ee19dfd531e9469bebf7c89ef8e201263565c12ad"
url = "https://github.com/evilmartians/lefthook/releases/download/v2.1.4/lefthook_2.1.4_MacOS_arm64.gz"
provenance = "github-attestations"

[[tools.node]]
version = "24.14.1"
backend = "core:node"

[tools.node."platforms.linux-x64"]
checksum = "sha256:ace9fa104992ed0829642629c46ca7bd7fd6e76278cb96c958c4b387d29658ea"
url = "https://nodejs.org/dist/v24.14.1/node-v24.14.1-linux-x64.tar.gz"

[tools.node."platforms.macos-arm64"]
checksum = "sha256:25495ff85bd89e2d8a24d88566d7e2f827c6b0d3d872b2cebf75371f93fcb1fe"
url = "https://nodejs.org/dist/v24.14.1/node-v24.14.1-darwin-arm64.tar.gz"

[[tools.pnpm]]
version = "9.0.6"
backend = "aqua:pnpm/pnpm"

[tools.pnpm."platforms.linux-x64"]
url = "https://github.com/pnpm/pnpm/releases/download/v9.0.6/pnpm-linux-x64"

[tools.pnpm."platforms.macos-arm64"]
url = "https://github.com/pnpm/pnpm/releases/download/v9.0.6/pnpm-macos-arm64"
